
Microsoft Visual Studio Solution File, Format Version 12.00
# Visual Studio Version 17
VisualStudioVersion = 17.7.34031.279
MinimumVisualStudioVersion = 10.0.40219.1
Project("{FAE04EC0-301F-11D3-BF4B-00C04F79EFBC}") = "Figuras", "Figuras.csproj", "{B8F6AF1A-FA08-4124-8C9B-83A4056341DF}"
EndProject
Global
	GlobalSection(SolutionConfigurationPlatforms) = preSolution
		Debug|Any CPU = Debug|Any CPU
		Release|Any CPU = Release|Any CPU
	EndGlobalSection
	GlobalSection(ProjectConfigurationPlatforms) = postSolution
		{B8F6AF1A-FA08-4124-8C9B-83A4056341DF}.Debug|Any CPU.ActiveCfg = Debug|Any CPU
		{B8F6AF1A-FA08-4124-8C9B-83A4056341DF}.Debug|Any CPU.Build.0 = Debug|Any CPU
		{B8F6AF1A-FA08-4124-8C9B-83A4056341DF}.Release|Any CPU.ActiveCfg = Release|Any CPU
		{B8F6AF1A-FA08-4124-8C9B-83A4056341DF}.Release|Any CPU.Build.0 = Release|Any CPU
	EndGlobalSection
	GlobalSection(SolutionProperties) = preSolution
		HideSolutionNode = FALSE
	EndGlobalSection
	GlobalSection(ExtensibilityGlobals) = postSolution
		SolutionGuid = {1C1611FE-7E93-4E02-836A-FDE16CA5E606}
	EndGlobalSection
EndGlobal
